{
    "_readme": [
        "This file locks the dependencies of your project to a known state",
        "Read more about it at https://getcomposer.org/doc/01-basic-usage.md#installing-dependencies",
        "This file is @generated automatically"
    ],
    "content-hash": "fcde01b9128cb143d4b4b5cf1cb1931c",
    "packages": [
        {
            "name": "jezzdk/statamic-google-maps",
            "version": "v2.1.0",
            "source": {
                "type": "git",
                "url": "https://github.com/jezzdk/statamic-google-maps.git",
                "reference": "91ebf18e03f8c57a3998a1c01df7e33a2980cffe"
            },
            "dist": {
                "type": "zip",
                "url": "https://api.github.com/repos/jezzdk/statamic-google-maps/zipball/91ebf18e03f8c57a3998a1c01df7e33a2980cffe",
                "reference": "91ebf18e03f8c57a3998a1c01df7e33a2980cffe",
                "shasum": ""
            },
            "type": "library",
            "extra": {
                "statamic": {
                    "name": "Statamic Google Maps",
                    "description": "Statamic Google Maps addon",
                    "editions": [
                        "free",
                        "pro"
                    ]
                },
                "laravel": {
                    "providers": [
                        "Jezzdk\\StatamicGoogleMaps\\ServiceProvider"
                    ]
                }
            },
            "autoload": {
                "psr-4": {
                    "Jezzdk\\StatamicGoogleMaps\\": "src"
                }
            },
            "notification-url": "https://packagist.org/downloads/",
            "authors": [
                {
                    "name": "Jess Stopa"
                }
            ],
            "support": {
                "email": "jess@stopa.dk",
                "issues": "https://github.com/jezzdk/statamic-google-maps/issues",
                "source": "https://github.com/jezzdk/statamic-google-maps/tree/v2.1.0"
            },
            "time": "2024-01-18T21:19:37+00:00"
        }
    ],
    "packages-dev": [],
    "aliases": [],
    "minimum-stability": "stable",
    "stability-flags": [],
    "prefer-stable": false,
    "prefer-lowest": false,
    "platform": [],
    "platform-dev": [],
    "plugin-api-version": "2.6.0"
}
